# THIS IS AN AUTOGENERATED FILE. DO NOT EDIT THIS FILE DIRECTLY.
# yarn lockfile v1


lodash@^4.17.5:
  version "4.17.10"
  resolved "https://registry.yarnpkg.com/lodash/-/lodash-4.17.10.tgz#1b7793cf7259ea38fb3661d4d38b3260af8ae4e7"

webpack-merge@^4.1.4:
  version "4.1.4"
  resolved "https://registry.yarnpkg.com/webpack-merge/-/webpack-merge-4.1.4.tgz#0fde38eabf2d5fd85251c24a5a8c48f8a3f4eb7b"
  dependencies:
    lodash "^4.17.5"
